// !$*UTF8*$!
{
	archiveVersion = 1;
	classes = {
	};
	objectVersion = 46;
	objects = {

/* Begin PBXBuildFile section */
		85462581FAC7D1FCCBF889E3 /* libPods-MasterTableView.a in Frameworks */ = {isa = PBXBuildFile; fileRef = 376482DF03351BCB9DCEA535 /* libPods-MasterTableView.a */; };
		EE86346D1E584ECE0015BEAC /* AppDelegate.swift in Sources */ = {isa = PBXBuildFile; fileRef = EE86346C1E584ECE0015BEAC /* AppDelegate.swift */; };
		EE86346F1E584ECE0015BEAC /* ViewController.swift in Sources */ = {isa = PBXBuildFile; fileRef = EE86346E1E584ECE0015BEAC /* ViewController.swift */; };
		EE8634721E584ECE0015BEAC /* Main.storyboard in Resources */ = {isa = PBXBuildFile; fileRef = EE8634701E584ECE0015BEAC /* Main.storyboard */; };
		EE8634741E584ECE0015BEAC /* Assets.xcassets in Resources */ = {isa = PBXBuildFile; fileRef = EE8634731E584ECE0015BEAC /* Assets.xcassets */; };
		EE8634771E584ECE0015BEAC /* LaunchScreen.storyboard in Resources */ = {isa = PBXBuildFile; fileRef = EE8634751E584ECE0015BEAC /* LaunchScreen.storyboard */; };
/* End PBXBuildFile section */

/* Begin PBXFileReference section */
		376482DF03351BCB9DCEA535 /* libPods-MasterTableView.a */ = {isa = PBXFileReference; explicitFileType = archive.ar; includeInIndex = 0; path = "libPods-MasterTableView.a"; sourceTree = BUILT_PRODUCTS_DIR; };
		6CEFA110F90E8C213BF8B046 /* Pods-MasterTableView.debug.xcconfig */ = {isa = PBXFileReference; includeInIndex = 1; lastKnownFileType = text.xcconfig; name = "Pods-MasterTableView.debug.xcconfig"; path = "Pods/Target Support Files/Pods-MasterTableView/Pods-MasterTableView.debug.xcconfig"; sourceTree = "<group>"; };
		EE8634691E584ECE0015BEAC /* MasterTableView.app */ = {isa = PBXFileReference; explicitFileType = wrapper.application; includeInIndex = 0; path = MasterTableView.app; sourceTree = BUILT_PRODUCTS_DIR; };
		EE86346C1E584ECE0015BEAC /* AppDelegate.swift */ = {isa = PBXFileReference; lastKnownFileType = sourcecode.swift; path = AppDelegate.swift; sourceTree = "<group>"; };
		EE86346E1E584ECE0015BEAC /* ViewController.swift */ = {isa = PBXFileReference; lastKnownFileType = sourcecode.swift; path = ViewController.swift; sourceTree = "<group>"; };
		EE8634711E584ECE0015BEAC /* Base */ = {isa = PBXFileReference; lastKnownFileType = file.storyboard; name = Base; path = Base.lproj/Main.storyboard; sourceTree = "<group>"; };
		EE8634731E584ECE0015BEAC /* Assets.xcassets */ = {isa = PBXFileReference; lastKnownFileType = folder.assetcatalog; path = Assets.xcassets; sourceTree = "<group>"; };
		EE8634761E584ECE0015BEAC /* Base */ = {isa = PBXFileReference; lastKnownFileType = file.storyboard; name = Base; path = Base.lproj/LaunchScreen.storyboard; sourceTree = "<group>"; };
		EE8634781E584ECE0015BEAC /* Info.plist */ = {isa = PBXFileReference; lastKnownFileType = text.plist.xml; path = Info.plist; sourceTree = "<group>"; };
		F774D0256AC0294E7DE04AD5 /* Pods-MasterTableView.release.xcconfig */ = {isa = PBXFileReference; includeInIndex = 1; lastKnownFileType = text.xcconfig; name = "Pods-MasterTableView.release.xcconfig"; path = "Pods/Target Support Files/Pods-MasterTableView/Pods-MasterTableView.release.xcconfig"; sourceTree = "<group>"; };
/* End PBXFileReference section */

/* Begin PBXFrameworksBuildPhase section */
		EE8634661E584ECE0015BEAC /* Frameworks */ = {
			isa = PBXFrameworksBuildPhase;
			buildActionMask = 2147483647;
			files = (
				85462581FAC7D1FCCBF889E3 /* libPods-MasterTableView.a in Frameworks */,
			);
			runOnlyForDeploymentPostprocessing = 0;
		};
/* End PBXFrameworksBuildPhase section */

/* Begin PBXGroup section */
		A0E12C9B403FE8BF7E16CC68 /* Pods */ = {
			isa = PBXGroup;
			children = (
				6CEFA110F90E8C213BF8B046 /* Pods-MasterTableView.debug.xcconfig */,
				F774D0256AC0294E7DE04AD5 /* Pods-MasterTableView.release.xcconfig */,
			);
			name = Pods;
			sourceTree = "<group>";
		};
		C1432325E2CB070C8BD7CD13 /* Frameworks */ = {
			isa = PBXGroup;
			children = (
				376482DF03351BCB9DCEA535 /* libPods-MasterTableView.a */,
			);
			name = Frameworks;
			sourceTree = "<group>";
		};
		EE8634601E584ECE0015BEAC = {
			isa = PBXGroup;
			children = (
				EE86346B1E584ECE0015BEAC /* MasterTableView */,
				EE86346A1E584ECE0015BEAC /* Products */,
				A0E12C9B403FE8BF7E16CC68 /* Pods */,
				C1432325E2CB070C8BD7CD13 /* Frameworks */,
			);
			sourceTree = "<group>";
		};
		EE86346A1E584ECE0015BEAC /* Products */ = {
			isa = PBXGroup;
			children = (
				EE8634691E584ECE0015BEAC /* MasterTableView.app */,
			);
			name = Products;
			sourceTree = "<group>";
		};
		EE86346B1E584ECE0015BEAC /* MasterTableView */ = {
			isa = PBXGroup;
			children = (
				EE86346C1E584ECE0015BEAC /* AppDelegate.swift */,
				EE86346E1E584ECE0015BEAC /* ViewController.swift */,
				EE8634701E584ECE0015BEAC /* Main.storyboard */,
				EE8634731E584ECE0015BEAC /* Assets.xcassets */,
				EE8634751E584ECE0015BEAC /* LaunchScreen.storyboard */,
				EE8634781E584ECE0015BEAC /* Info.plist */,
			);
			path = MasterTableView;
			sourceTree = "<group>";
		};
/* End PBXGroup section */

/* Begin PBXNativeTarget section */
		EE8634681E584ECE0015BEAC /* MasterTableView */ = {
			isa = PBXNativeTarget;
			buildConfigurationList = EE86347B1E584ECE0015BEAC /* Build configuration list for PBXNativeTarget "MasterTableView" */;
			buildPhases = (
				F10AC988B10C18B385261319 /* [CP] Check Pods Manifest.lock */,
				EE8634651E584ECE0015BEAC /* Sources */,
				EE8634661E584ECE0015BEAC /* Frameworks */,
				EE8634671E584ECE0015BEAC /* Resources */,
				B31C558250DEFFB764C1AD60 /* [CP] Embed Pods Frameworks */,
				A304932A7DD9240355A9AFE4 /* [CP] Copy Pods Resources */,
			);
			buildRules = (
			);
			dependencies = (
			);
			name = MasterTableView;
			productName = MasterTableView;
			productReference = EE8634691E584ECE0015BEAC /* MasterTableView.app */;
			productType = "com.apple.product-type.application";
		};
/* End PBXNativeTarget section */

/* Begin PBXProject section */
		EE8634611E584ECE0015BEAC /* Project object */ = {
			isa = PBXProject;
			attributes = {
				LastSwiftUpdateCheck = 0820;
				LastUpgradeCheck = 0820;
				ORGANIZATIONNAME = "Xinming DAI";
				TargetAttributes = {
					EE8634681E584ECE0015BEAC = {
						CreatedOnToolsVersion = 8.2.1;
						DevelopmentTeam = 23X5258S94;
						ProvisioningStyle = Automatic;
					};
				};
			};
			buildConfigurationList = EE8634641E584ECE0015BEAC /* Build configuration list for PBXProject "MasterTableView" */;
			compatibilityVersion = "Xcode 3.2";
			developmentRegion = English;
			hasScannedForEncodings = 0;
			knownRegions = (
				en,
				Base,
			);
			mainGroup = EE8634601E584ECE0015BEAC;
			productRefGroup = EE86346A1E584ECE0015BEAC /* Products */;
			projectDirPath = "";
			projectRoot = "";
			targets = (
				EE8634681E584ECE0015BEAC /* MasterTableView */,
			);
		};
/* End PBXProject section */

/* Begin PBXResourcesBuildPhase section */
		EE8634671E584ECE0015BEAC /* Resources */ = {
			isa = PBXResourcesBuildPhase;
			buildActionMask = 2147483647;
			files = (
				EE8634771E584ECE0015BEAC /* LaunchScreen.storyboard in Resources */,
				EE8634741E584ECE0015BEAC /* Assets.xcassets in Resources */,
				EE8634721E584ECE0015BEAC /* Main.storyboard in Resources */,
			);
			runOnlyForDeploymentPostprocessing = 0;
		};
/* End PBXResourcesBuildPhase section */

/* Begin PBXShellScriptBuildPhase section */
		A304932A7DD9240355A9AFE4 /* [CP] Copy Pods Resources */ = {
			isa = PBXShellScriptBuildPhase;
			buildActionMask = 2147483647;
			files = (
			);
			inputPaths = (
			);
			name = "[CP] Copy Pods Resources";
			outputPaths = (
			);
			runOnlyForDeploymentPostprocessing = 0;
			shellPath = /bin/sh;
			shellScript = "\"${SRCROOT}/Pods/Target Support Files/Pods-MasterTableView/Pods-MasterTableView-resources.sh\"\n";
			showEnvVarsInLog = 0;
		};
		B31C558250DEFFB764C1AD60 /* [CP] Embed Pods Frameworks */ = {
			isa = PBXShellScriptBuildPhase;
			buildActionMask = 2147483647;
			files = (
			);
			inputPaths = (
			);
			name = "[CP] Embed Pods Frameworks";
			outputPaths = (
			);
			runOnlyForDeploymentPostprocessing = 0;
			shellPath = /bin/sh;
			shellScript = "\"${SRCROOT}/Pods/Target Support Files/Pods-MasterTableView/Pods-MasterTableView-frameworks.sh\"\n";
			showEnvVarsInLog = 0;
		};
		F10AC988B10C18B385261319 /* [CP] Check Pods Manifest.lock */ = {
			isa = PBXShellScriptBuildPhase;
			buildActionMask = 2147483647;
			files = (
			);
			inputPaths = (
			);
			name = "[CP] Check Pods Manifest.lock";
			outputPaths = (
			);
			runOnlyForDeploymentPostprocessing = 0;
			shellPath = /bin/sh;
			shellScript = "diff \"${PODS_ROOT}/../Podfile.lock\" \"${PODS_ROOT}/Manifest.lock\" > /dev/null\nif [ $? != 0 ] ; then\n    # print error to STDERR\n    echo \"error: The sandbox is not in sync with the Podfile.lock. Run 'pod install' or update your CocoaPods installation.\" >&2\n    exit 1\nfi\n";
			showEnvVarsInLog = 0;
		};
/* End PBXShellScriptBuildPhase section */

/* Begin PBXSourcesBuildPhase section */
		EE8634651E584ECE0015BEAC /* Sources */ = {
			isa = PBXSourcesBuildPhase;
			buildActionMask = 2147483647;
			files = (
				EE86346F1E584ECE0015BEAC /* ViewController.swift in Sources */,
				EE86346D1E584ECE0015BEAC /* AppDelegate.swift in Sources */,
			);
			runOnlyForDeploymentPostprocessing = 0;
		};
/* End PBXSourcesBuildPhase section */

/* Begin PBXVariantGroup section */
		EE8634701E584ECE0015BEAC /* Main.storyboard */ = {
			isa = PBXVariantGroup;
			children = (
				EE8634711E584ECE0015BEAC /* Base */,
			);
			name = Main.storyboard;
			sourceTree = "<group>";
		};
		EE8634751E584ECE0015BEAC /* LaunchScreen.storyboard */ = {
			isa = PBXVariantGroup;
			children = (
				EE8634761E584ECE0015BEAC /* Base */,
			);
			name = LaunchScreen.storyboard;
			sourceTree = "<group>";
		};
/* End PBXVariantGroup section */

/* Begin XCBuildConfiguration section */
		EE8634791E584ECE0015BEAC /* Debug */ = {
			isa = XCBuildConfiguration;
			buildSettings = {
				ALWAYS_SEARCH_USER_PATHS = NO;
				CLANG_ANALYZER_NONNULL = YES;
				CLANG_CXX_LANGUAGE_STANDARD = "gnu++0x";
				CLANG_CXX_LIBRARY = "libc++";
				CLANG_ENABLE_MODULES = YES;
				CLANG_ENABLE_OBJC_ARC = YES;
				CLANG_WARN_BOOL_CONVERSION = YES;
				CLANG_WARN_CONSTANT_CONVERSION = YES;
				CLANG_WARN_DIRECT_OBJC_ISA_USAGE = YES_ERROR;
				CLANG_WARN_DOCUMENTATION_COMMENTS = YES;
				CLANG_WARN_EMPTY_BODY = YES;
				CLANG_WARN_ENUM_CONVERSION = YES;
				CLANG_WARN_INFINITE_RECURSION = YES;
				CLANG_WARN_INT_CONVERSION = YES;
				CLANG_WARN_OBJC_ROOT_CLASS = YES_ERROR;
				CLANG_WARN_SUSPICIOUS_MOVE = YES;
				CLANG_WARN_UNREACHABLE_CODE = YES;
				CLANG_WARN__DUPLICATE_METHOD_MATCH = YES;
				"CODE_SIGN_IDENTITY[sdk=iphoneos*]" = "iPhone Developer";
				COPY_PHASE_STRIP = NO;
				DEBUG_INFORMATION_FORMAT = dwarf;
				ENABLE_STRICT_OBJC_MSGSEND = YES;
				ENABLE_TESTABILITY = YES;
				GCC_C_LANGUAGE_STANDARD = gnu99;
				GCC_DYNAMIC_NO_PIC = NO;
				GCC_NO_COMMON_BLOCKS = YES;
				GCC_OPTIMIZATION_LEVEL = 0;
				GCC_PREPROCESSOR_DEFINITIONS = (
					"DEBUG=1",
					"$(inherited)",
				);
				GCC_WARN_64_TO_32_BIT_CONVERSION = YES;
				GCC_WARN_ABOUT_RETURN_TYPE = YES_ERROR;
				GCC_WARN_UNDECLARED_SELECTOR = YES;
				GCC_WARN_UNINITIALIZED_AUTOS = YES_AGGRESSIVE;
				GCC_WARN_UNUSED_FUNCTION = YES;
				GCC_WARN_UNUSED_VARIABLE = YES;
				IPHONEOS_DEPLOYMENT_TARGET = 10.2;
				MTL_ENABLE_DEBUG_INFO = YES;
				ONLY_ACTIVE_ARCH = YES;
				SDKROOT = iphoneos;
				SWIFT_ACTIVE_COMPILATION_CONDITIONS = DEBUG;
				SWIFT_OPTIMIZATION_LEVEL = "-Onone";
			};
			name = Debug;
		};
		EE86347A1E584ECE0015BEAC /* Release */ = {
			isa = XCBuildConfiguration;
			buildSettings = {
				ALWAYS_SEARCH_USER_PATHS = NO;
				CLANG_ANALYZER_NONNULL = YES;
				CLANG_CXX_LANGUAGE_STANDARD = "gnu++0x";
				CLANG_CXX_LIBRARY = "libc++";
				CLANG_ENABLE_MODULES = YES;
				CLANG_ENABLE_OBJC_ARC = YES;
				CLANG_WARN_BOOL_CONVERSION = YES;
				CLANG_WARN_CONSTANT_CONVERSION = YES;
				CLANG_WARN_DIRECT_OBJC_ISA_USAGE = YES_ERROR;
				CLANG_WARN_DOCUMENTATION_COMMENTS = YES;
				CLANG_WARN_EMPTY_BODY = YES;
				CLANG_WARN_ENUM_CONVERSION = YES;
				CLANG_WARN_INFINITE_RECURSION = YES;
				CLANG_WARN_INT_CONVERSION = YES;
				CLANG_WARN_OBJC_ROOT_CLASS = YES_ERROR;
				CLANG_WARN_SUSPICIOUS_MOVE = YES;
				CLANG_WARN_UNREACHABLE_CODE = YES;
				CLANG_WARN__DUPLICATE_METHOD_MATCH = YES;
				"CODE_SIGN_IDENTITY[sdk=iphoneos*]" = "iPhone Developer";
				COPY_PHASE_STRIP = NO;
				DEBUG_INFORMATION_FORMAT = "dwarf-with-dsym";
				ENABLE_NS_ASSERTIONS = NO;
				ENABLE_STRICT_OBJC_MSGSEND = YES;
				GCC_C_LANGUAGE_STANDARD = gnu99;
				GCC_NO_COMMON_BLOCKS = YES;
				GCC_WARN_64_TO_32_BIT_CONVERSION = YES;
				GCC_WARN_ABOUT_RETURN_TYPE = YES_ERROR;
				GCC_WARN_UNDECLARED_SELECTOR = YES;
				GCC_WARN_UNINITIALIZED_AUTOS = YES_AGGRESSIVE;
				GCC_WARN_UNUSED_FUNCTION = YES;
				GCC_WARN_UNUSED_VARIABLE = YES;
				IPHONEOS_DEPLOYMENT_TARGET = 10.2;
				MTL_ENABLE_DEBUG_INFO = NO;
				SDKROOT = iphoneos;
				SWIFT_OPTIMIZATION_LEVEL = "-Owholemodule";
				VALIDATE_PRODUCT = YES;
			};
			name = Release;
		};
		EE86347C1E584ECE0015BEAC /* Debug */ = {
			isa = XCBuildConfiguration;
			baseConfigurationReference = 6CEFA110F90E8C213BF8B046 /* Pods-MasterTableView.debug.xcconfig */;
			buildSettings = {
				ASSETCATALOG_COMPILER_APPICON_NAME = AppIcon;
				DEVELOPMENT_TEAM = 23X5258S94;
				INFOPLIST_FILE = MasterTableView/Info.plist;
				LD_RUNPATH_SEARCH_PATHS = "$(inherited) @executable_path/Frameworks";
				PRODUCT_BUNDLE_IDENTIFIER = me.desmonddai.MasterTableView;
				PRODUCT_NAME = "$(TARGET_NAME)";
				SWIFT_VERSION = 3.0;
			};
			name = Debug;
		};
		EE86347D1E584ECE0015BEAC /* Release */ = {
			isa = XCBuildConfiguration;
			baseConfigurationReference = F774D0256AC0294E7DE04AD5 /* Pods-MasterTableView.release.xcconfig */;
			buildSettings = {
				ASSETCATALOG_COMPILER_APPICON_NAME = AppIcon;
				DEVELOPMENT_TEAM = 23X5258S94;
				INFOPLIST_FILE = MasterTableView/Info.plist;
				LD_RUNPATH_SEARCH_PATHS = "$(inherited) @executable_path/Frameworks";
				PRODUCT_BUNDLE_IDENTIFIER = me.desmonddai.MasterTableView;
				PRODUCT_NAME = "$(TARGET_NAME)";
				SWIFT_VERSION = 3.0;
			};
			name = Release;
		};
/* End XCBuildConfiguration section */

/* Begin XCConfigurationList section */
		EE8634641E584ECE0015BEAC /* Build configuration list for PBXProject "MasterTableView" */ = {
			isa = XCConfigurationList;
			buildConfigurations = (
				EE8634791E584ECE0015BEAC /* Debug */,
				EE86347A1E584ECE0015BEAC /* Release */,
			);
			defaultConfigurationIsVisible = 0;
			defaultConfigurationName = Release;
		};
		EE86347B1E584ECE0015BEAC /* Build configuration list for PBXNativeTarget "MasterTableView" */ = {
			isa = XCConfigurationList;
			buildConfigurations = (
				EE86347C1E584ECE0015BEAC /* Debug */,
				EE86347D1E584ECE0015BEAC /* Release */,
			);
			defaultConfigurationIsVisible = 0;
		};
/* End XCConfigurationList section */
	};
	rootObject = EE8634611E584ECE0015BEAC /* Project object */;
}
